
Microsoft Visual Studio Solution File, Format Version 12.00
# Visual Studio Version 16
VisualStudioVersion = 16.0.29926.136
MinimumVisualStudioVersion = 10.0.40219.1
Project("{FAE04EC0-301F-11D3-BF4B-00C04F79EFBC}") = "AuditManagementPortalMVC", "AuditManagementPortalMVC.csproj", "{5A9CED52-2871-40B7-AEB1-6D341687C7A5}"
EndProject
Global
	GlobalSection(SolutionConfigurationPlatforms) = preSolution
		Debug|Any CPU = Debug|Any CPU
		Release|Any CPU = Release|Any CPU
	EndGlobalSection
	GlobalSection(ProjectConfigurationPlatforms) = postSolution
		{5A9CED52-2871-40B7-AEB1-6D341687C7A5}.Debug|Any CPU.ActiveCfg = Debug|Any CPU
		{5A9CED52-2871-40B7-AEB1-6D341687C7A5}.Debug|Any CPU.Build.0 = Debug|Any CPU
		{5A9CED52-2871-40B7-AEB1-6D341687C7A5}.Release|Any CPU.ActiveCfg = Release|Any CPU
		{5A9CED52-2871-40B7-AEB1-6D341687C7A5}.Release|Any CPU.Build.0 = Release|Any CPU
	EndGlobalSection
	GlobalSection(SolutionProperties) = preSolution
		HideSolutionNode = FALSE
	EndGlobalSection
	GlobalSection(ExtensibilityGlobals) = postSolution
		SolutionGuid = {D6E36925-F878-4090-8E38-F6E74521F78C}
	EndGlobalSection
EndGlobal
